PODS:
  - AFNetworking (3.1.0):
    - AFNetworking/NSURLSession (= 3.1.0)
    - AFNetworking/Reachability (= 3.1.0)
    - AFNetworking/Security (= 3.1.0)
    - AFNetworking/Serialization (= 3.1.0)
    - AFNetworking/UIKit (= 3.1.0)
  - AFNetworking/NSURLSession (3.1.0):
    - AFNetworking/Reachability
    - AFNetworking/Security
    - AFNetworking/Serialization
  - AFNetworking/Reachability (3.1.0)
  - AFNetworking/Security (3.1.0)
  - AFNetworking/Serialization (3.1.0)
  - AFNetworking/UIKit (3.1.0):
    - AFNetworking/NSURLSession
  - Crashlytics (3.7.0):
    - Fabric (~> 1.6.3)
  - Fabric (1.6.7)
  - Google/Core (2.0.3):
    - GoogleInterchangeUtilities (~> 1.0)
    - GoogleNetworkingUtilities (~> 1.0)
    - GoogleSymbolUtilities (~> 1.0)
    - GoogleUtilities (~> 1.1)
  - Google/SignIn (2.0.3):
    - Google/Core
    - GoogleSignIn (~> 3.0)
  - GoogleAppUtilities (1.1.0):
    - GoogleSymbolUtilities (~> 1.0)
  - GoogleAuthUtilities (2.0.0):
    - GoogleNetworkingUtilities (~> 1.0)
    - GoogleSymbolUtilities (~> 1.0)
  - GoogleInterchangeUtilities (1.2.0):
    - GoogleSymbolUtilities (~> 1.0)
  - GoogleNetworkingUtilities (1.2.0):
    - GoogleSymbolUtilities (~> 1.0)
  - GoogleSignIn (3.0.0):
    - GoogleAppUtilities (~> 1.0)
    - GoogleAuthUtilities (~> 2.0)
    - GoogleNetworkingUtilities (~> 1.0)
    - GoogleUtilities (~> 1.0)
  - GoogleSymbolUtilities (1.1.0)
  - GoogleUtilities (1.2.0):
    - GoogleSymbolUtilities (~> 1.0)
  - PTEHorizontalTableView (1.0.0)

DEPENDENCIES:
  - AFNetworking (~> 3.1)
  - Crashlytics
  - Fabric
  - Google/SignIn
  - PTEHorizontalTableView (~> 1.0)

SPEC CHECKSUMS:
  AFNetworking: 5e0e199f73d8626b11e79750991f5d173d1f8b67
  Crashlytics: c3a2333dea9e2733d2777f730910321fc9e25c0d
  Fabric: caf7580c725e64db144f610ac65cd60956911dc7
  Google: 61379f0072bc561a7e174d23a6cbe41bd6d8599c
  GoogleAppUtilities: 974598e8ed618c74ead33541d9caffbc3d144266
  GoogleAuthUtilities: 79e4143c77a08081a480b08df27a066cc8944f43
  GoogleInterchangeUtilities: 427382e42d8a340038bec37c6fdfd316e14b5fa2
  GoogleNetworkingUtilities: ec1e9911aca811eb18b7144394fee6168b607785
  GoogleSignIn: 3d571172b8603be39dcb1705d8217146bb76fe62
  GoogleSymbolUtilities: eb3965ea12710569c7b80db198a39e39b18613f7
  GoogleUtilities: 85f8ad6b251544286a97163133d042ec95f889c5
  PTEHorizontalTableView: 2c65c4360282223628dabc664508dde922f98efd

COCOAPODS: 0.39.0
